// !$*UTF8*$!
{
	archiveVersion = 1;
	classes = {
	};
	objectVersion = 55;
	objects = {

/* Begin PBXBuildFile section */
		490AF6C22A7F979E002DC848 /* FuelFillerApp.swift in Sources */ = {isa = PBXBuildFile; fileRef = 490AF6C12A7F979E002DC848 /* FuelFillerApp.swift */; };
		490AF6C42A7F979E002DC848 /* HomeView.swift in Sources */ = {isa = PBXBuildFile; fileRef = 490AF6C32A7F979E002DC848 /* HomeView.swift */; };
		490AF6C62A7F97A0002DC848 /* Assets.xcassets in Resources */ = {isa = PBXBuildFile; fileRef = 490AF6C52A7F97A0002DC848 /* Assets.xcassets */; };
		490AF6C92A7F97A0002DC848 /* Preview Assets.xcassets in Resources */ = {isa = PBXBuildFile; fileRef = 490AF6C82A7F97A0002DC848 /* Preview Assets.xcassets */; };
		491D93BC2A7F9E070001CFDE /* Gauge.swift in Sources */ = {isa = PBXBuildFile; fileRef = 491D93BB2A7F9E070001CFDE /* Gauge.swift */; };
		492CD8B52A7FD3A8001AD9BD /* Navigator.swift in Sources */ = {isa = PBXBuildFile; fileRef = 492CD8B42A7FD3A8001AD9BD /* Navigator.swift */; };
		492CD8B72A7FD8A1001AD9BD /* InsertView.swift in Sources */ = {isa = PBXBuildFile; fileRef = 492CD8B62A7FD8A1001AD9BD /* InsertView.swift */; };
		492CD8B92A7FD933001AD9BD /* SettingsView.swift in Sources */ = {isa = PBXBuildFile; fileRef = 492CD8B82A7FD933001AD9BD /* SettingsView.swift */; };
		492CD8BB2A80BA6D001AD9BD /* InputListItem.swift in Sources */ = {isa = PBXBuildFile; fileRef = 492CD8BA2A80BA6D001AD9BD /* InputListItem.swift */; };
/* End PBXBuildFile section */

/* Begin PBXFileReference section */
		490AF6BE2A7F979E002DC848 /* FuelFiller.app */ = {isa = PBXFileReference; explicitFileType = wrapper.application; includeInIndex = 0; path = FuelFiller.app; sourceTree = BUILT_PRODUCTS_DIR; };
		490AF6C12A7F979E002DC848 /* FuelFillerApp.swift */ = {isa = PBXFileReference; lastKnownFileType = sourcecode.swift; path = FuelFillerApp.swift; sourceTree = "<group>"; };
		490AF6C32A7F979E002DC848 /* HomeView.swift */ = {isa = PBXFileReference; lastKnownFileType = sourcecode.swift; path = HomeView.swift; sourceTree = "<group>"; };
		490AF6C52A7F97A0002DC848 /* Assets.xcassets */ = {isa = PBXFileReference; lastKnownFileType = folder.assetcatalog; path = Assets.xcassets; sourceTree = "<group>"; };
		490AF6C82A7F97A0002DC848 /* Preview Assets.xcassets */ = {isa = PBXFileReference; lastKnownFileType = folder.assetcatalog; path = "Preview Assets.xcassets"; sourceTree = "<group>"; };
		491D93BB2A7F9E070001CFDE /* Gauge.swift */ = {isa = PBXFileReference; lastKnownFileType = sourcecode.swift; path = Gauge.swift; sourceTree = "<group>"; };
		492CD8B42A7FD3A8001AD9BD /* Navigator.swift */ = {isa = PBXFileReference; lastKnownFileType = sourcecode.swift; path = Navigator.swift; sourceTree = "<group>"; };
		492CD8B62A7FD8A1001AD9BD /* InsertView.swift */ = {isa = PBXFileReference; lastKnownFileType = sourcecode.swift; path = InsertView.swift; sourceTree = "<group>"; };
		492CD8B82A7FD933001AD9BD /* SettingsView.swift */ = {isa = PBXFileReference; lastKnownFileType = sourcecode.swift; path = SettingsView.swift; sourceTree = "<group>"; };
		492CD8BA2A80BA6D001AD9BD /* InputListItem.swift */ = {isa = PBXFileReference; lastKnownFileType = sourcecode.swift; path = InputListItem.swift; sourceTree = "<group>"; };
/* End PBXFileReference section */

/* Begin PBXFrameworksBuildPhase section */
		490AF6BB2A7F979E002DC848 /* Frameworks */ = {
			isa = PBXFrameworksBuildPhase;
			buildActionMask = 2147483647;
			files = (
			);
			runOnlyForDeploymentPostprocessing = 0;
		};
/* End PBXFrameworksBuildPhase section */

/* Begin PBXGroup section */
		490AF6B52A7F979E002DC848 = {
			isa = PBXGroup;
			children = (
				490AF6C02A7F979E002DC848 /* FuelFiller */,
				490AF6BF2A7F979E002DC848 /* Products */,
			);
			sourceTree = "<group>";
		};
		490AF6BF2A7F979E002DC848 /* Products */ = {
			isa = PBXGroup;
			children = (
				490AF6BE2A7F979E002DC848 /* FuelFiller.app */,
			);
			name = Products;
			sourceTree = "<group>";
		};
		490AF6C02A7F979E002DC848 /* FuelFiller */ = {
			isa = PBXGroup;
			children = (
				494323C12A848D3D00621907 /* Views */,
				494323C02A848D1300621907 /* Components */,
				490AF6C12A7F979E002DC848 /* FuelFillerApp.swift */,
				490AF6C52A7F97A0002DC848 /* Assets.xcassets */,
				490AF6C72A7F97A0002DC848 /* Preview Content */,
			);
			path = FuelFiller;
			sourceTree = "<group>";
		};
		490AF6C72A7F97A0002DC848 /* Preview Content */ = {
			isa = PBXGroup;
			children = (
				490AF6C82A7F97A0002DC848 /* Preview Assets.xcassets */,
			);
			path = "Preview Content";
			sourceTree = "<group>";
		};
		494323C02A848D1300621907 /* Components */ = {
			isa = PBXGroup;
			children = (
				492CD8B42A7FD3A8001AD9BD /* Navigator.swift */,
				492CD8BA2A80BA6D001AD9BD /* InputListItem.swift */,
				491D93BB2A7F9E070001CFDE /* Gauge.swift */,
			);
			path = Components;
			sourceTree = "<group>";
		};
		494323C12A848D3D00621907 /* Views */ = {
			isa = PBXGroup;
			children = (
				490AF6C32A7F979E002DC848 /* HomeView.swift */,
				492CD8B62A7FD8A1001AD9BD /* InsertView.swift */,
				492CD8B82A7FD933001AD9BD /* SettingsView.swift */,
			);
			path = Views;
			sourceTree = "<group>";
		};
/* End PBXGroup section */

/* Begin PBXNativeTarget section */
		490AF6BD2A7F979E002DC848 /* FuelFiller */ = {
			isa = PBXNativeTarget;
			buildConfigurationList = 490AF6CC2A7F97A0002DC848 /* Build configuration list for PBXNativeTarget "FuelFiller" */;
			buildPhases = (
				490AF6BA2A7F979E002DC848 /* Sources */,
				490AF6BB2A7F979E002DC848 /* Frameworks */,
				490AF6BC2A7F979E002DC848 /* Resources */,
			);
			buildRules = (
			);
			dependencies = (
			);
			name = FuelFiller;
			productName = FuelFiller;
			productReference = 490AF6BE2A7F979E002DC848 /* FuelFiller.app */;
			productType = "com.apple.product-type.application";
		};
/* End PBXNativeTarget section */

/* Begin PBXProject section */
		490AF6B62A7F979E002DC848 /* Project object */ = {
			isa = PBXProject;
			attributes = {
				BuildIndependentTargetsInParallel = 1;
				LastSwiftUpdateCheck = 1330;
				LastUpgradeCheck = 1330;
				TargetAttributes = {
					490AF6BD2A7F979E002DC848 = {
						CreatedOnToolsVersion = 13.3.1;
					};
				};
			};
			buildConfigurationList = 490AF6B92A7F979E002DC848 /* Build configuration list for PBXProject "FuelFiller" */;
			compatibilityVersion = "Xcode 13.0";
			developmentRegion = en;
			hasScannedForEncodings = 0;
			knownRegions = (
				en,
				Base,
			);
			mainGroup = 490AF6B52A7F979E002DC848;
			productRefGroup = 490AF6BF2A7F979E002DC848 /* Products */;
			projectDirPath = "";
			projectRoot = "";
			targets = (
				490AF6BD2A7F979E002DC848 /* FuelFiller */,
			);
		};
/* End PBXProject section */

/* Begin PBXResourcesBuildPhase section */
		490AF6BC2A7F979E002DC848 /* Resources */ = {
			isa = PBXResourcesBuildPhase;
			buildActionMask = 2147483647;
			files = (
				490AF6C92A7F97A0002DC848 /* Preview Assets.xcassets in Resources */,
				490AF6C62A7F97A0002DC848 /* Assets.xcassets in Resources */,
			);
			runOnlyForDeploymentPostprocessing = 0;
		};
/* End PBXResourcesBuildPhase section */

/* Begin PBXSourcesBuildPhase section */
		490AF6BA2A7F979E002DC848 /* Sources */ = {
			isa = PBXSourcesBuildPhase;
			buildActionMask = 2147483647;
			files = (
				490AF6C42A7F979E002DC848 /* HomeView.swift in Sources */,
				492CD8B52A7FD3A8001AD9BD /* Navigator.swift in Sources */,
				490AF6C22A7F979E002DC848 /* FuelFillerApp.swift in Sources */,
				492CD8B92A7FD933001AD9BD /* SettingsView.swift in Sources */,
				491D93BC2A7F9E070001CFDE /* Gauge.swift in Sources */,
				492CD8B72A7FD8A1001AD9BD /* InsertView.swift in Sources */,
				492CD8BB2A80BA6D001AD9BD /* InputListItem.swift in Sources */,
			);
			runOnlyForDeploymentPostprocessing = 0;
		};
/* End PBXSourcesBuildPhase section */

/* Begin XCBuildConfiguration section */
		490AF6CA2A7F97A0002DC848 /* Debug */ = {
			isa = XCBuildConfiguration;
			buildSettings = {
				ALWAYS_SEARCH_USER_PATHS = NO;
				CLANG_ANALYZER_NONNULL = YES;
				CLANG_ANALYZER_NUMBER_OBJECT_CONVERSION = YES_AGGRESSIVE;
				CLANG_CXX_LANGUAGE_STANDARD = "gnu++17";
				CLANG_ENABLE_MODULES = YES;
				CLANG_ENABLE_OBJC_ARC = YES;
				CLANG_ENABLE_OBJC_WEAK = YES;
				CLANG_WARN_BLOCK_CAPTURE_AUTORELEASING = YES;
				CLANG_WARN_BOOL_CONVERSION = YES;
				CLANG_WARN_COMMA = YES;
				CLANG_WARN_CONSTANT_CONVERSION = YES;
				CLANG_WARN_DEPRECATED_OBJC_IMPLEMENTATIONS = YES;
				CLANG_WARN_DIRECT_OBJC_ISA_USAGE = YES_ERROR;
				CLANG_WARN_DOCUMENTATION_COMMENTS = YES;
				CLANG_WARN_EMPTY_BODY = YES;
				CLANG_WARN_ENUM_CONVERSION = YES;
				CLANG_WARN_INFINITE_RECURSION = YES;
				CLANG_WARN_INT_CONVERSION = YES;
				CLANG_WARN_NON_LITERAL_NULL_CONVERSION = YES;
				CLANG_WARN_OBJC_IMPLICIT_RETAIN_SELF = YES;
				CLANG_WARN_OBJC_LITERAL_CONVERSION = YES;
				CLANG_WARN_OBJC_ROOT_CLASS = YES_ERROR;
				CLANG_WARN_QUOTED_INCLUDE_IN_FRAMEWORK_HEADER = YES;
				CLANG_WARN_RANGE_LOOP_ANALYSIS = YES;
				CLANG_WARN_STRICT_PROTOTYPES = YES;
				CLANG_WARN_SUSPICIOUS_MOVE = YES;
				CLANG_WARN_UNGUARDED_AVAILABILITY = YES_AGGRESSIVE;
				CLANG_WARN_UNREACHABLE_CODE = YES;
				CLANG_WARN__DUPLICATE_METHOD_MATCH = YES;
				COPY_PHASE_STRIP = NO;
				DEBUG_INFORMATION_FORMAT = dwarf;
				ENABLE_STRICT_OBJC_MSGSEND = YES;
				ENABLE_TESTABILITY = YES;
				GCC_C_LANGUAGE_STANDARD = gnu11;
				GCC_DYNAMIC_NO_PIC = NO;
				GCC_NO_COMMON_BLOCKS = YES;
				GCC_OPTIMIZATION_LEVEL = 0;
				GCC_PREPROCESSOR_DEFINITIONS = (
					"DEBUG=1",
					"$(inherited)",
				);
				GCC_WARN_64_TO_32_BIT_CONVERSION = YES;
				GCC_WARN_ABOUT_RETURN_TYPE = YES_ERROR;
				GCC_WARN_UNDECLARED_SELECTOR = YES;
				GCC_WARN_UNINITIALIZED_AUTOS = YES_AGGRESSIVE;
				GCC_WARN_UNUSED_FUNCTION = YES;
				GCC_WARN_UNUSED_VARIABLE = YES;
				IPHONEOS_DEPLOYMENT_TARGET = 15.4;
				MTL_ENABLE_DEBUG_INFO = INCLUDE_SOURCE;
				MTL_FAST_MATH = YES;
				ONLY_ACTIVE_ARCH = YES;
				SDKROOT = iphoneos;
				SWIFT_ACTIVE_COMPILATION_CONDITIONS = DEBUG;
				SWIFT_OPTIMIZATION_LEVEL = "-Onone";
			};
			name = Debug;
		};
		490AF6CB2A7F97A0002DC848 /* Release */ = {
			isa = XCBuildConfiguration;
			buildSettings = {
				ALWAYS_SEARCH_USER_PATHS = NO;
				CLANG_ANALYZER_NONNULL = YES;
				CLANG_ANALYZER_NUMBER_OBJECT_CONVERSION = YES_AGGRESSIVE;
				CLANG_CXX_LANGUAGE_STANDARD = "gnu++17";
				CLANG_ENABLE_MODULES = YES;
				CLANG_ENABLE_OBJC_ARC = YES;
				CLANG_ENABLE_OBJC_WEAK = YES;
				CLANG_WARN_BLOCK_CAPTURE_AUTORELEASING = YES;
				CLANG_WARN_BOOL_CONVERSION = YES;
				CLANG_WARN_COMMA = YES;
				CLANG_WARN_CONSTANT_CONVERSION = YES;
				CLANG_WARN_DEPRECATED_OBJC_IMPLEMENTATIONS = YES;
				CLANG_WARN_DIRECT_OBJC_ISA_USAGE = YES_ERROR;
				CLANG_WARN_DOCUMENTATION_COMMENTS = YES;
				CLANG_WARN_EMPTY_BODY = YES;
				CLANG_WARN_ENUM_CONVERSION = YES;
				CLANG_WARN_INFINITE_RECURSION = YES;
				CLANG_WARN_INT_CONVERSION = YES;
				CLANG_WARN_NON_LITERAL_NULL_CONVERSION = YES;
				CLANG_WARN_OBJC_IMPLICIT_RETAIN_SELF = YES;
				CLANG_WARN_OBJC_LITERAL_CONVERSION = YES;
				CLANG_WARN_OBJC_ROOT_CLASS = YES_ERROR;
				CLANG_WARN_QUOTED_INCLUDE_IN_FRAMEWORK_HEADER = YES;
				CLANG_WARN_RANGE_LOOP_ANALYSIS = YES;
				CLANG_WARN_STRICT_PROTOTYPES = YES;
				CLANG_WARN_SUSPICIOUS_MOVE = YES;
				CLANG_WARN_UNGUARDED_AVAILABILITY = YES_AGGRESSIVE;
				CLANG_WARN_UNREACHABLE_CODE = YES;
				CLANG_WARN__DUPLICATE_METHOD_MATCH = YES;
				COPY_PHASE_STRIP = NO;
				DEBUG_INFORMATION_FORMAT = "dwarf-with-dsym";
				ENABLE_NS_ASSERTIONS = NO;
				ENABLE_STRICT_OBJC_MSGSEND = YES;
				GCC_C_LANGUAGE_STANDARD = gnu11;
				GCC_NO_COMMON_BLOCKS = YES;
				GCC_WARN_64_TO_32_BIT_CONVERSION = YES;
				GCC_WARN_ABOUT_RETURN_TYPE = YES_ERROR;
				GCC_WARN_UNDECLARED_SELECTOR = YES;
				GCC_WARN_UNINITIALIZED_AUTOS = YES_AGGRESSIVE;
				GCC_WARN_UNUSED_FUNCTION = YES;
				GCC_WARN_UNUSED_VARIABLE = YES;
				IPHONEOS_DEPLOYMENT_TARGET = 15.4;
				MTL_ENABLE_DEBUG_INFO = NO;
				MTL_FAST_MATH = YES;
				SDKROOT = iphoneos;
				SWIFT_COMPILATION_MODE = wholemodule;
				SWIFT_OPTIMIZATION_LEVEL = "-O";
				VALIDATE_PRODUCT = YES;
			};
			name = Release;
		};
		490AF6CD2A7F97A0002DC848 /* Debug */ = {
			isa = XCBuildConfiguration;
			buildSettings = {
				ASSETCATALOG_COMPILER_APPICON_NAME = AppIcon;
				ASSETCATALOG_COMPILER_GLOBAL_ACCENT_COLOR_NAME = AccentColor;
				CODE_SIGN_STYLE = Automatic;
				CURRENT_PROJECT_VERSION = 1;
				DEVELOPMENT_ASSET_PATHS = "\"FuelFiller/Preview Content\"";
				ENABLE_PREVIEWS = YES;
				GENERATE_INFOPLIST_FILE = YES;
				INFOPLIST_KEY_UIApplicationSceneManifest_Generation = YES;
				INFOPLIST_KEY_UIApplicationSupportsIndirectInputEvents = YES;
				INFOPLIST_KEY_UILaunchScreen_Generation = YES;
				INFOPLIST_KEY_UISupportedInterfaceOrientations_iPad = "UIInterfaceOrientationPortrait UIInterfaceOrientationPortraitUpsideDown UIInterfaceOrientationLandscapeLeft UIInterfaceOrientationLandscapeRight";
				INFOPLIST_KEY_UISupportedInterfaceOrientations_iPhone = "UIInterfaceOrientationPortrait UIInterfaceOrientationLandscapeLeft UIInterfaceOrientationLandscapeRight";
				LD_RUNPATH_SEARCH_PATHS = (
					"$(inherited)",
					"@executable_path/Frameworks",
				);
				MARKETING_VERSION = 1.0;
				PRODUCT_BUNDLE_IDENTIFIER = AC.FuelFiller;
				PRODUCT_NAME = "$(TARGET_NAME)";
				SWIFT_EMIT_LOC_STRINGS = YES;
				SWIFT_VERSION = 5.0;
				TARGETED_DEVICE_FAMILY = "1,2";
			};
			name = Debug;
		};
		490AF6CE2A7F97A0002DC848 /* Release */ = {
			isa = XCBuildConfiguration;
			buildSettings = {
				ASSETCATALOG_COMPILER_APPICON_NAME = AppIcon;
				ASSETCATALOG_COMPILER_GLOBAL_ACCENT_COLOR_NAME = AccentColor;
				CODE_SIGN_STYLE = Automatic;
				CURRENT_PROJECT_VERSION = 1;
				DEVELOPMENT_ASSET_PATHS = "\"FuelFiller/Preview Content\"";
				ENABLE_PREVIEWS = YES;
				GENERATE_INFOPLIST_FILE = YES;
				INFOPLIST_KEY_UIApplicationSceneManifest_Generation = YES;
				INFOPLIST_KEY_UIApplicationSupportsIndirectInputEvents = YES;
				INFOPLIST_KEY_UILaunchScreen_Generation = YES;
				INFOPLIST_KEY_UISupportedInterfaceOrientations_iPad = "UIInterfaceOrientationPortrait UIInterfaceOrientationPortraitUpsideDown UIInterfaceOrientationLandscapeLeft UIInterfaceOrientationLandscapeRight";
				INFOPLIST_KEY_UISupportedInterfaceOrientations_iPhone = "UIInterfaceOrientationPortrait UIInterfaceOrientationLandscapeLeft UIInterfaceOrientationLandscapeRight";
				LD_RUNPATH_SEARCH_PATHS = (
					"$(inherited)",
					"@executable_path/Frameworks",
				);
				MARKETING_VERSION = 1.0;
				PRODUCT_BUNDLE_IDENTIFIER = AC.FuelFiller;
				PRODUCT_NAME = "$(TARGET_NAME)";
				SWIFT_EMIT_LOC_STRINGS = YES;
				SWIFT_VERSION = 5.0;
				TARGETED_DEVICE_FAMILY = "1,2";
			};
			name = Release;
		};
/* End XCBuildConfiguration section */

/* Begin XCConfigurationList section */
		490AF6B92A7F979E002DC848 /* Build configuration list for PBXProject "FuelFiller" */ = {
			isa = XCConfigurationList;
			buildConfigurations = (
				490AF6CA2A7F97A0002DC848 /* Debug */,
				490AF6CB2A7F97A0002DC848 /* Release */,
			);
			defaultConfigurationIsVisible = 0;
			defaultConfigurationName = Release;
		};
		490AF6CC2A7F97A0002DC848 /* Build configuration list for PBXNativeTarget "FuelFiller" */ = {
			isa = XCConfigurationList;
			buildConfigurations = (
				490AF6CD2A7F97A0002DC848 /* Debug */,
				490AF6CE2A7F97A0002DC848 /* Release */,
			);
			defaultConfigurationIsVisible = 0;
			defaultConfigurationName = Release;
		};
/* End XCConfigurationList section */
	};
	rootObject = 490AF6B62A7F979E002DC848 /* Project object */;
}
